
Microsoft Visual Studio Solution File, Format Version 12.00
# Visual Studio Version 17
VisualStudioVersion = 17.0.32112.339
MinimumVisualStudioVersion = 10.0.40219.1
Project("{9A19103F-16F7-4668-BE54-9A1E7A4F7556}") = "GuniApp.Web", "GuniApp.Web\GuniApp.Web.csproj", "{6941B203-736C-4602-A8BD-32CFE64E9082}"
EndProject
Project("{FAE04EC0-301F-11D3-BF4B-00C04F79EFBC}") = "GuniThesis", "GuniThesis\GuniThesis.csproj", "{CC58FA6E-7A9E-4F8D-A2C7-955A66F2D5DC}"
EndProject
Global
	GlobalSection(SolutionConfigurationPlatforms) = preSolution
		Debug|Any CPU = Debug|Any CPU
		Release|Any CPU = Release|Any CPU
	EndGlobalSection
	GlobalSection(ProjectConfigurationPlatforms) = postSolution
		{6941B203-736C-4602-A8BD-32CFE64E9082}.Debug|Any CPU.ActiveCfg = Debug|Any CPU
		{6941B203-736C-4602-A8BD-32CFE64E9082}.Debug|Any CPU.Build.0 = Debug|Any CPU
		{6941B203-736C-4602-A8BD-32CFE64E9082}.Release|Any CPU.ActiveCfg = Release|Any CPU
		{6941B203-736C-4602-A8BD-32CFE64E9082}.Release|Any CPU.Build.0 = Release|Any CPU
		{CC58FA6E-7A9E-4F8D-A2C7-955A66F2D5DC}.Debug|Any CPU.ActiveCfg = Debug|Any CPU
		{CC58FA6E-7A9E-4F8D-A2C7-955A66F2D5DC}.Debug|Any CPU.Build.0 = Debug|Any CPU
		{CC58FA6E-7A9E-4F8D-A2C7-955A66F2D5DC}.Release|Any CPU.ActiveCfg = Release|Any CPU
		{CC58FA6E-7A9E-4F8D-A2C7-955A66F2D5DC}.Release|Any CPU.Build.0 = Release|Any CPU
	EndGlobalSection
	GlobalSection(SolutionProperties) = preSolution
		HideSolutionNode = FALSE
	EndGlobalSection
	GlobalSection(ExtensibilityGlobals) = postSolution
		SolutionGuid = {6CC1B932-EE4F-41E1-BD5E-B5CFCB01C5BD}
	EndGlobalSection
EndGlobal
